{
  "pins" : [
    {
      "identity" : "cassowaryswift",
      "kind" : "remoteSourceControl",
      "location" : "https://github.com/LuizZak/CassowarySwift.git",
      "state" : {
        "branch" : "cassowary-swift-optimizations",
        "revision" : "b2377a0bb3c0cb43f63278f1a2ef85384d370861"
      }
    },
    {
      "identity" : "imagineui-x11",
      "kind" : "remoteSourceControl",
      "location" : "https://github.com/LuizZak/ImagineUI-X11.git",
      "state" : {
        "branch" : "main",
        "revision" : "8f124fdf0560f338ca2caad0b164aab384b00bc2"
      }
    },
    {
      "identity" : "swift-bezier",
      "kind" : "remoteSourceControl",
      "location" : "https://github.com/LuizZak/swift-bezier.git",
      "state" : {
        "branch" : "main",
        "revision" : "84c8d4614e90fbb39a083bb7463242890ad0e475"
      }
    },
    {
      "identity" : "swift-blend2d",
      "kind" : "remoteSourceControl",
      "location" : "https://github.com/LuizZak/swift-blend2d.git",
      "state" : {
        "branch" : "master",
        "revision" : "39c6c0f932243f39056d525d655f0fde646a51f6"
      }
    },
    {
      "identity" : "swift-libpng",
      "kind" : "remoteSourceControl",
      "location" : "https://github.com/LuizZak/swift-libpng.git",
      "state" : {
        "branch" : "master",
        "revision" : "c059e4a34d0a84a2a1cc7eac8acdb8fa3ab8142f"
      }
    },
    {
      "identity" : "swift-log",
      "kind" : "remoteSourceControl",
      "location" : "https://github.com/apple/swift-log.git",
      "state" : {
        "branch" : "main",
        "revision" : "db86ac725bb4a194636c716461f5a166e93b29ba"
      }
    },
    {
      "identity" : "swift-numerics",
      "kind" : "remoteSourceControl",
      "location" : "https://github.com/apple/swift-numerics.git",
      "state" : {
        "revision" : "0a5bc04095a675662cf24757cc0640aa2204253b",
        "version" : "1.0.2"
      }
    }
  ],
  "version" : 2
}
