{
  "pins" : [
    {
      "identity" : "cassowaryswift",
      "kind" : "remoteSourceControl",
      "location" : "https://github.com/LuizZak/CassowarySwift.git",
      "state" : {
        "branch" : "cassowary-swift-optimizations",
        "revision" : "eecee2e108fca14a002cf8bd6562f35722bc3627"
      }
    },
    {
      "identity" : "imagineui-win",
      "kind" : "remoteSourceControl",
      "location" : "https://github.com/LuizZak/ImagineUI-Win.git",
      "state" : {
        "branch" : "main",
        "revision" : "f91a241604f384ed20e469cafd8580dd809ff44b"
      }
    },
    {
      "identity" : "minidigraph",
      "kind" : "remoteSourceControl",
      "location" : "https://github.com/LuizZak/MiniDigraph.git",
      "state" : {
        "revision" : "52b1e99893467e7546429243a69ce0f50eb5a225",
        "version" : "0.8.1"
      }
    },
    {
      "identity" : "minwin32",
      "kind" : "remoteSourceControl",
      "location" : "https://github.com/LuizZak/MinWin32.git",
      "state" : {
        "branch" : "main",
        "revision" : "eb666b4aeb63bc985c198cc3533445120ee98180"
      }
    },
    {
      "identity" : "swift-bezier",
      "kind" : "remoteSourceControl",
      "location" : "https://github.com/LuizZak/swift-bezier.git",
      "state" : {
        "revision" : "7061d2e5396e006e6b80313510c3689917d9569d",
        "version" : "0.6.0"
      }
    },
    {
      "identity" : "swift-blend2d",
      "kind" : "remoteSourceControl",
      "location" : "https://github.com/LuizZak/swift-blend2d.git",
      "state" : {
        "branch" : "master",
        "revision" : "855fe139f972fea76afceba23a289846df03ec5d"
      }
    },
    {
      "identity" : "swift-collections",
      "kind" : "remoteSourceControl",
      "location" : "https://github.com/apple/swift-collections.git",
      "state" : {
        "revision" : "3d2dc41a01f9e49d84f0a3925fb858bed64f702d",
        "version" : "1.1.2"
      }
    },
    {
      "identity" : "swift-com",
      "kind" : "remoteSourceControl",
      "location" : "https://github.com/compnerd/swift-com.git",
      "state" : {
        "branch" : "main",
        "revision" : "8b2a7b50d9bcec07f0ae84d2be7f9909e73223d3"
      }
    },
    {
      "identity" : "swift-log",
      "kind" : "remoteSourceControl",
      "location" : "https://github.com/apple/swift-log.git",
      "state" : {
        "branch" : "main",
        "revision" : "db86ac725bb4a194636c716461f5a166e93b29ba"
      }
    },
    {
      "identity" : "swift-numerics",
      "kind" : "remoteSourceControl",
      "location" : "https://github.com/apple/swift-numerics.git",
      "state" : {
        "revision" : "0a5bc04095a675662cf24757cc0640aa2204253b",
        "version" : "1.0.2"
      }
    }
  ],
  "version" : 2
}