{
  "object": {
    "pins": [
      {
        "package": "CassowarySwift",
        "repositoryURL": "https://github.com/LuizZak/CassowarySwift.git",
        "state": {
          "branch": "cassowary-swift-optimizations",
          "revision": "b2377a0bb3c0cb43f63278f1a2ef85384d370861",
          "version": null
        }
      },
      {
        "package": "ImagineUI-X11",
        "repositoryURL": "https://github.com/LuizZak/ImagineUI-X11.git",
        "state": {
          "branch": "main",
          "revision": "8722782ab1210feb8ff526ff7523baf733718fd7",
          "version": null
        }
      },
      {
        "package": "swift-bezier",
        "repositoryURL": "https://github.com/LuizZak/swift-bezier.git",
        "state": {
          "branch": "main",
          "revision": "84c8d4614e90fbb39a083bb7463242890ad0e475",
          "version": null
        }
      },
      {
        "package": "SwiftBlend2D",
        "repositoryURL": "https://github.com/LuizZak/swift-blend2d.git",
        "state": {
          "branch": "master",
          "revision": "9a0287fd7b9bdda025c383b6f6c48eb90d00a658",
          "version": null
        }
      },
      {
        "package": "LibPNG",
        "repositoryURL": "https://github.com/LuizZak/swift-libpng.git",
        "state": {
          "branch": "master",
          "revision": "1d5b94c822dde80c4c2d7d742cd50d1d83c5abb1",
          "version": null
        }
      },
      {
        "package": "swift-log",
        "repositoryURL": "https://github.com/apple/swift-log.git",
        "state": {
          "branch": "main",
          "revision": "9cb486020ebf03bfa5b5df985387a14a98744537",
          "version": null
        }
      },
      {
        "package": "swift-numerics",
        "repositoryURL": "https://github.com/apple/swift-numerics.git",
        "state": {
          "branch": null,
          "revision": "0a5bc04095a675662cf24757cc0640aa2204253b",
          "version": "1.0.2"
        }
      }
    ]
  },
  "version": 1
}
